
Microsoft Visual Studio Solution File, Format Version 12.00
# Visual Studio 14
VisualStudioVersion = 14.0.25420.1
MinimumVisualStudioVersion = 10.0.40219.1
Project("{FAE04EC0-301F-11D3-BF4B-00C04F79EFBC}") = "lltg.1688.rponey.cc", "lltg.1688.rponey.cc\lltg.1688.rponey.cc.csproj", "{D6F58349-9CD8-4525-BC8A-B7CE8D52E9C3}"
EndProject
Project("{2150E333-8FDC-42A3-9474-1A3956D46DE8}") = "三层", "三层", "{9C099BBF-4A03-479A-AD53-6D036B6CDD62}"
EndProject
Project("{2150E333-8FDC-42A3-9474-1A3956D46DE8}") = "公共组建", "公共组建", "{3D18B67A-9206-4B46-9CF1-6C6F5C976F55}"
EndProject
Project("{FAE04EC0-301F-11D3-BF4B-00C04F79EFBC}") = "RPoney.Utilty", "..\cms.rponey.cc\cms.rponey.cc.Utilty\RPoney.Utilty.csproj", "{EF1A2AB2-839C-4C8D-8FB0-2358424BD8C5}"
EndProject
Project("{FAE04EC0-301F-11D3-BF4B-00C04F79EFBC}") = "Rponey.DbHelper", "Rponey.DbHelper\Rponey.DbHelper.csproj", "{C3CB57E6-5498-4099-8FF6-C6691CCE8D1E}"
EndProject
Global
	GlobalSection(SolutionConfigurationPlatforms) = preSolution
		Debug|Any CPU = Debug|Any CPU
		Release|Any CPU = Release|Any CPU
	EndGlobalSection
	GlobalSection(ProjectConfigurationPlatforms) = postSolution
		{D6F58349-9CD8-4525-BC8A-B7CE8D52E9C3}.Debug|Any CPU.ActiveCfg = Debug|Any CPU
		{D6F58349-9CD8-4525-BC8A-B7CE8D52E9C3}.Debug|Any CPU.Build.0 = Debug|Any CPU
		{D6F58349-9CD8-4525-BC8A-B7CE8D52E9C3}.Release|Any CPU.ActiveCfg = Release|Any CPU
		{D6F58349-9CD8-4525-BC8A-B7CE8D52E9C3}.Release|Any CPU.Build.0 = Release|Any CPU
		{EF1A2AB2-839C-4C8D-8FB0-2358424BD8C5}.Debug|Any CPU.ActiveCfg = Debug|Any CPU
		{EF1A2AB2-839C-4C8D-8FB0-2358424BD8C5}.Debug|Any CPU.Build.0 = Debug|Any CPU
		{EF1A2AB2-839C-4C8D-8FB0-2358424BD8C5}.Release|Any CPU.ActiveCfg = Release|Any CPU
		{EF1A2AB2-839C-4C8D-8FB0-2358424BD8C5}.Release|Any CPU.Build.0 = Release|Any CPU
		{C3CB57E6-5498-4099-8FF6-C6691CCE8D1E}.Debug|Any CPU.ActiveCfg = Debug|Any CPU
		{C3CB57E6-5498-4099-8FF6-C6691CCE8D1E}.Debug|Any CPU.Build.0 = Debug|Any CPU
		{C3CB57E6-5498-4099-8FF6-C6691CCE8D1E}.Release|Any CPU.ActiveCfg = Release|Any CPU
		{C3CB57E6-5498-4099-8FF6-C6691CCE8D1E}.Release|Any CPU.Build.0 = Release|Any CPU
	EndGlobalSection
	GlobalSection(SolutionProperties) = preSolution
		HideSolutionNode = FALSE
	EndGlobalSection
	GlobalSection(NestedProjects) = preSolution
		{EF1A2AB2-839C-4C8D-8FB0-2358424BD8C5} = {3D18B67A-9206-4B46-9CF1-6C6F5C976F55}
		{C3CB57E6-5498-4099-8FF6-C6691CCE8D1E} = {3D18B67A-9206-4B46-9CF1-6C6F5C976F55}
	EndGlobalSection
EndGlobal
